
Microsoft Visual Studio Solution File, Format Version 12.00
# Visual Studio 15
VisualStudioVersion = 15.0.27703.2026
MinimumVisualStudioVersion = 10.0.40219.1
Project("{FAE04EC0-301F-11D3-BF4B-00C04F79EFBC}") = "GoodlineTest", "GoodlineTest\GoodlineTest.csproj", "{365D155A-DBF4-454E-93ED-D49F5836FF4D}"
EndProject
Global
	GlobalSection(SolutionConfigurationPlatforms) = preSolution
		Debug|Any CPU = Debug|Any CPU
		Release|Any CPU = Release|Any CPU
	EndGlobalSection
	GlobalSection(ProjectConfigurationPlatforms) = postSolution
		{365D155A-DBF4-454E-93ED-D49F5836FF4D}.Debug|Any CPU.ActiveCfg = Debug|Any CPU
		{365D155A-DBF4-454E-93ED-D49F5836FF4D}.Debug|Any CPU.Build.0 = Debug|Any CPU
		{365D155A-DBF4-454E-93ED-D49F5836FF4D}.Release|Any CPU.ActiveCfg = Release|Any CPU
		{365D155A-DBF4-454E-93ED-D49F5836FF4D}.Release|Any CPU.Build.0 = Release|Any CPU
	EndGlobalSection
	GlobalSection(SolutionProperties) = preSolution
		HideSolutionNode = FALSE
	EndGlobalSection
	GlobalSection(ExtensibilityGlobals) = postSolution
		SolutionGuid = {1DC5B316-12E9-44BF-84D2-BAA83085DD17}
	EndGlobalSection
EndGlobal
